{
  "name": "online-writing-platform",
  "version": "1.0.0",
  "lockfileVersion": 3,
  "requires": true,
  "packages": {
    "": {
      "name": "online-writing-platform",
      "version": "1.0.0",
      "dependencies": {
        "libphonenumber-js": "^1.13.12"
      },
      "engines": {
        "node": ">=20.19.0"
      }
    },
    "node_modules/libphonenumber-js": {
      "version": "1.13.12",
      "resolved": "https://registry.npmjs.org/libphonenumber-js/-/libphonenumber-js-1.13.12.tgz",
      "integrity": "sha512-uLVeV1c9OTk6qkdqnj+mpMD+ZdnZ0szVyWu58HwMmpwkHA1gCEkyjd3veZQXDnuw9KEwSRjcc9B1pS9XKIN1fA==",
      "license": "MIT"
    }
  }
}
